// !$*UTF8*$!
{
	archiveVersion = 1;
	classes = {
	};
	objectVersion = 51;
	objects = {

/* Begin PBXBuildFile section */
		265E1E07D17D1087A5F026A6 /* Pods_Swift5_YouTubeAppTests.framework in Frameworks */ = {isa = PBXBuildFile; fileRef = F51F954C1F51E525CBBA708C /* Pods_Swift5_YouTubeAppTests.framework */; };
		89B7922B59E25453B708403C /* Pods_Swift5_YouTubeApp.framework in Frameworks */ = {isa = PBXBuildFile; fileRef = B1B1CAD20D0366271ECF971F /* Pods_Swift5_YouTubeApp.framework */; };
		B02C9D10E997D3F0DC8C0A76 /* Pods_Swift5_YouTubeApp_Swift5_YouTubeAppUITests.framework in Frameworks */ = {isa = PBXBuildFile; fileRef = 7FAB3A485237162733DDBB9B /* Pods_Swift5_YouTubeApp_Swift5_YouTubeAppUITests.framework */; };
		E70DE950249B60CC00800101 /* AppDelegate.swift in Sources */ = {isa = PBXBuildFile; fileRef = E70DE94F249B60CC00800101 /* AppDelegate.swift */; };
		E70DE952249B60CC00800101 /* SceneDelegate.swift in Sources */ = {isa = PBXBuildFile; fileRef = E70DE951249B60CC00800101 /* SceneDelegate.swift */; };
		E70DE957249B60CC00800101 /* Main.storyboard in Resources */ = {isa = PBXBuildFile; fileRef = E70DE955249B60CC00800101 /* Main.storyboard */; };
		E70DE959249B60D000800101 /* Assets.xcassets in Resources */ = {isa = PBXBuildFile; fileRef = E70DE958249B60D000800101 /* Assets.xcassets */; };
		E70DE95C249B60D000800101 /* LaunchScreen.storyboard in Resources */ = {isa = PBXBuildFile; fileRef = E70DE95A249B60D000800101 /* LaunchScreen.storyboard */; };
		E70DE967249B60D000800101 /* Swift5_YouTubeAppTests.swift in Sources */ = {isa = PBXBuildFile; fileRef = E70DE966249B60D000800101 /* Swift5_YouTubeAppTests.swift */; };
		E70DE972249B60D000800101 /* Swift5_YouTubeAppUITests.swift in Sources */ = {isa = PBXBuildFile; fileRef = E70DE971249B60D000800101 /* Swift5_YouTubeAppUITests.swift */; };
		E70DE983249B6B6F00800101 /* BaseViewController.swift in Sources */ = {isa = PBXBuildFile; fileRef = E70DE982249B6B6F00800101 /* BaseViewController.swift */; };
		E70DE985249B6D8200800101 /* Page1ViewController.swift in Sources */ = {isa = PBXBuildFile; fileRef = E70DE984249B6D8200800101 /* Page1ViewController.swift */; };
		E70DE987249B6E8C00800101 /* YouTubeData.swift in Sources */ = {isa = PBXBuildFile; fileRef = E70DE986249B6E8C00800101 /* YouTubeData.swift */; };
		E7236CE7249BBD4D00FB0B6D /* WebViewController.swift in Sources */ = {isa = PBXBuildFile; fileRef = E7236CE6249BBD4D00FB0B6D /* WebViewController.swift */; };
		E7C3E2E8249CED7E00E05AE5 /* Page2ViewController.swift in Sources */ = {isa = PBXBuildFile; fileRef = E7C3E2E7249CED7E00E05AE5 /* Page2ViewController.swift */; };
		E7C3E2EA249CEDA900E05AE5 /* Page3ViewController.swift in Sources */ = {isa = PBXBuildFile; fileRef = E7C3E2E9249CEDA900E05AE5 /* Page3ViewController.swift */; };
		E7C3E2EC249CEDD700E05AE5 /* Page4ViewController.swift in Sources */ = {isa = PBXBuildFile; fileRef = E7C3E2EB249CEDD700E05AE5 /* Page4ViewController.swift */; };
		E7C3E2EE249CEDFE00E05AE5 /* Page6ViewController.swift in Sources */ = {isa = PBXBuildFile; fileRef = E7C3E2ED249CEDFE00E05AE5 /* Page6ViewController.swift */; };
		E7C3E2F0249CEE2A00E05AE5 /* Page5ViewController.swift in Sources */ = {isa = PBXBuildFile; fileRef = E7C3E2EF249CEE2A00E05AE5 /* Page5ViewController.swift */; };
/* End PBXBuildFile section */

/* Begin PBXContainerItemProxy section */
		E70DE963249B60D000800101 /* PBXContainerItemProxy */ = {
			isa = PBXContainerItemProxy;
			containerPortal = E70DE944249B60CC00800101 /* Project object */;
			proxyType = 1;
			remoteGlobalIDString = E70DE94B249B60CC00800101;
			remoteInfo = "Swift5 YouTubeApp";
		};
		E70DE96E249B60D000800101 /* PBXContainerItemProxy */ = {
			isa = PBXContainerItemProxy;
			containerPortal = E70DE944249B60CC00800101 /* Project object */;
			proxyType = 1;
			remoteGlobalIDString = E70DE94B249B60CC00800101;
			remoteInfo = "Swift5 YouTubeApp";
		};
/* End PBXContainerItemProxy section */

/* Begin PBXFileReference section */
		1A38EF791F749EA008C111CD /* Pods-Swift5 YouTubeAppTests.release.xcconfig */ = {isa = PBXFileReference; includeInIndex = 1; lastKnownFileType = text.xcconfig; name = "Pods-Swift5 YouTubeAppTests.release.xcconfig"; path = "Target Support Files/Pods-Swift5 YouTubeAppTests/Pods-Swift5 YouTubeAppTests.release.xcconfig"; sourceTree = "<group>"; };
		1B2FF02E9575E2572BA2B0B3 /* Pods-Swift5 YouTubeApp.release.xcconfig */ = {isa = PBXFileReference; includeInIndex = 1; lastKnownFileType = text.xcconfig; name = "Pods-Swift5 YouTubeApp.release.xcconfig"; path = "Target Support Files/Pods-Swift5 YouTubeApp/Pods-Swift5 YouTubeApp.release.xcconfig"; sourceTree = "<group>"; };
		293BA93534AE052CCA2B2699 /* Pods-Swift5 YouTubeApp-Swift5 YouTubeAppUITests.debug.xcconfig */ = {isa = PBXFileReference; includeInIndex = 1; lastKnownFileType = text.xcconfig; name = "Pods-Swift5 YouTubeApp-Swift5 YouTubeAppUITests.debug.xcconfig"; path = "Target Support Files/Pods-Swift5 YouTubeApp-Swift5 YouTubeAppUITests/Pods-Swift5 YouTubeApp-Swift5 YouTubeAppUITests.debug.xcconfig"; sourceTree = "<group>"; };
		7FAB3A485237162733DDBB9B /* Pods_Swift5_YouTubeApp_Swift5_YouTubeAppUITests.framework */ = {isa = PBXFileReference; explicitFileType = wrapper.framework; includeInIndex = 0; path = Pods_Swift5_YouTubeApp_Swift5_YouTubeAppUITests.framework; sourceTree = BUILT_PRODUCTS_DIR; };
		99D45F44AAEC69327E0ED608 /* Pods-Swift5 YouTubeAppTests.debug.xcconfig */ = {isa = PBXFileReference; includeInIndex = 1; lastKnownFileType = text.xcconfig; name = "Pods-Swift5 YouTubeAppTests.debug.xcconfig"; path = "Target Support Files/Pods-Swift5 YouTubeAppTests/Pods-Swift5 YouTubeAppTests.debug.xcconfig"; sourceTree = "<group>"; };
		B1B1CAD20D0366271ECF971F /* Pods_Swift5_YouTubeApp.framework */ = {isa = PBXFileReference; explicitFileType = wrapper.framework; includeInIndex = 0; path = Pods_Swift5_YouTubeApp.framework; sourceTree = BUILT_PRODUCTS_DIR; };
		B54398694E0023DF66D26685 /* Pods-Swift5 YouTubeApp.debug.xcconfig */ = {isa = PBXFileReference; includeInIndex = 1; lastKnownFileType = text.xcconfig; name = "Pods-Swift5 YouTubeApp.debug.xcconfig"; path = "Target Support Files/Pods-Swift5 YouTubeApp/Pods-Swift5 YouTubeApp.debug.xcconfig"; sourceTree = "<group>"; };
		E70DE94C249B60CC00800101 /* Swift5 YouTubeApp.app */ = {isa = PBXFileReference; explicitFileType = wrapper.application; includeInIndex = 0; path = "Swift5 YouTubeApp.app"; sourceTree = BUILT_PRODUCTS_DIR; };
		E70DE94F249B60CC00800101 /* AppDelegate.swift */ = {isa = PBXFileReference; lastKnownFileType = sourcecode.swift; path = AppDelegate.swift; sourceTree = "<group>"; };
		E70DE951249B60CC00800101 /* SceneDelegate.swift */ = {isa = PBXFileReference; lastKnownFileType = sourcecode.swift; path = SceneDelegate.swift; sourceTree = "<group>"; };
		E70DE956249B60CC00800101 /* Base */ = {isa = PBXFileReference; lastKnownFileType = file.storyboard; name = Base; path = Base.lproj/Main.storyboard; sourceTree = "<group>"; };
		E70DE958249B60D000800101 /* Assets.xcassets */ = {isa = PBXFileReference; lastKnownFileType = folder.assetcatalog; path = Assets.xcassets; sourceTree = "<group>"; };
		E70DE95B249B60D000800101 /* Base */ = {isa = PBXFileReference; lastKnownFileType = file.storyboard; name = Base; path = Base.lproj/LaunchScreen.storyboard; sourceTree = "<group>"; };
		E70DE95D249B60D000800101 /* Info.plist */ = {isa = PBXFileReference; lastKnownFileType = text.plist.xml; path = Info.plist; sourceTree = "<group>"; };
		E70DE962249B60D000800101 /* Swift5 YouTubeAppTests.xctest */ = {isa = PBXFileReference; explicitFileType = wrapper.cfbundle; includeInIndex = 0; path = "Swift5 YouTubeAppTests.xctest"; sourceTree = BUILT_PRODUCTS_DIR; };
		E70DE966249B60D000800101 /* Swift5_YouTubeAppTests.swift */ = {isa = PBXFileReference; lastKnownFileType = sourcecode.swift; path = Swift5_YouTubeAppTests.swift; sourceTree = "<group>"; };
		E70DE968249B60D000800101 /* Info.plist */ = {isa = PBXFileReference; lastKnownFileType = text.plist.xml; path = Info.plist; sourceTree = "<group>"; };
		E70DE96D249B60D000800101 /* Swift5 YouTubeAppUITests.xctest */ = {isa = PBXFileReference; explicitFileType = wrapper.cfbundle; includeInIndex = 0; path = "Swift5 YouTubeAppUITests.xctest"; sourceTree = BUILT_PRODUCTS_DIR; };
		E70DE971249B60D000800101 /* Swift5_YouTubeAppUITests.swift */ = {isa = PBXFileReference; lastKnownFileType = sourcecode.swift; path = Swift5_YouTubeAppUITests.swift; sourceTree = "<group>"; };
		E70DE973249B60D000800101 /* Info.plist */ = {isa = PBXFileReference; lastKnownFileType = text.plist.xml; path = Info.plist; sourceTree = "<group>"; };
		E70DE982249B6B6F00800101 /* BaseViewController.swift */ = {isa = PBXFileReference; lastKnownFileType = sourcecode.swift; path = BaseViewController.swift; sourceTree = "<group>"; };
		E70DE984249B6D8200800101 /* Page1ViewController.swift */ = {isa = PBXFileReference; lastKnownFileType = sourcecode.swift; path = Page1ViewController.swift; sourceTree = "<group>"; };
		E70DE986249B6E8C00800101 /* YouTubeData.swift */ = {isa = PBXFileReference; lastKnownFileType = sourcecode.swift; path = YouTubeData.swift; sourceTree = "<group>"; };
		E7236CE6249BBD4D00FB0B6D /* WebViewController.swift */ = {isa = PBXFileReference; lastKnownFileType = sourcecode.swift; path = WebViewController.swift; sourceTree = "<group>"; };
		E7C3E2E7249CED7E00E05AE5 /* Page2ViewController.swift */ = {isa = PBXFileReference; lastKnownFileType = sourcecode.swift; path = Page2ViewController.swift; sourceTree = "<group>"; };
		E7C3E2E9249CEDA900E05AE5 /* Page3ViewController.swift */ = {isa = PBXFileReference; lastKnownFileType = sourcecode.swift; path = Page3ViewController.swift; sourceTree = "<group>"; };
		E7C3E2EB249CEDD700E05AE5 /* Page4ViewController.swift */ = {isa = PBXFileReference; lastKnownFileType = sourcecode.swift; path = Page4ViewController.swift; sourceTree = "<group>"; };
		E7C3E2ED249CEDFE00E05AE5 /* Page6ViewController.swift */ = {isa = PBXFileReference; lastKnownFileType = sourcecode.swift; path = Page6ViewController.swift; sourceTree = "<group>"; };
		E7C3E2EF249CEE2A00E05AE5 /* Page5ViewController.swift */ = {isa = PBXFileReference; lastKnownFileType = sourcecode.swift; path = Page5ViewController.swift; sourceTree = "<group>"; };
		ECB13B9B958AEE7EF8B51156 /* Pods-Swift5 YouTubeApp-Swift5 YouTubeAppUITests.release.xcconfig */ = {isa = PBXFileReference; includeInIndex = 1; lastKnownFileType = text.xcconfig; name = "Pods-Swift5 YouTubeApp-Swift5 YouTubeAppUITests.release.xcconfig"; path = "Target Support Files/Pods-Swift5 YouTubeApp-Swift5 YouTubeAppUITests/Pods-Swift5 YouTubeApp-Swift5 YouTubeAppUITests.release.xcconfig"; sourceTree = "<group>"; };
		F51F954C1F51E525CBBA708C /* Pods_Swift5_YouTubeAppTests.framework */ = {isa = PBXFileReference; explicitFileType = wrapper.framework; includeInIndex = 0; path = Pods_Swift5_YouTubeAppTests.framework; sourceTree = BUILT_PRODUCTS_DIR; };
/* End PBXFileReference section */

/* Begin PBXFrameworksBuildPhase section */
		E70DE949249B60CC00800101 /* Frameworks */ = {
			isa = PBXFrameworksBuildPhase;
			buildActionMask = 2147483647;
			files = (
				89B7922B59E25453B708403C /* Pods_Swift5_YouTubeApp.framework in Frameworks */,
			);
			runOnlyForDeploymentPostprocessing = 0;
		};
		E70DE95F249B60D000800101 /* Frameworks */ = {
			isa = PBXFrameworksBuildPhase;
			buildActionMask = 2147483647;
			files = (
				265E1E07D17D1087A5F026A6 /* Pods_Swift5_YouTubeAppTests.framework in Frameworks */,
			);
			runOnlyForDeploymentPostprocessing = 0;
		};
		E70DE96A249B60D000800101 /* Frameworks */ = {
			isa = PBXFrameworksBuildPhase;
			buildActionMask = 2147483647;
			files = (
				B02C9D10E997D3F0DC8C0A76 /* Pods_Swift5_YouTubeApp_Swift5_YouTubeAppUITests.framework in Frameworks */,
			);
			runOnlyForDeploymentPostprocessing = 0;
		};
/* End PBXFrameworksBuildPhase section */

/* Begin PBXGroup section */
		E60753C2C085BF59164DFFA7 /* Pods */ = {
			isa = PBXGroup;
			children = (
				B54398694E0023DF66D26685 /* Pods-Swift5 YouTubeApp.debug.xcconfig */,
				1B2FF02E9575E2572BA2B0B3 /* Pods-Swift5 YouTubeApp.release.xcconfig */,
				293BA93534AE052CCA2B2699 /* Pods-Swift5 YouTubeApp-Swift5 YouTubeAppUITests.debug.xcconfig */,
				ECB13B9B958AEE7EF8B51156 /* Pods-Swift5 YouTubeApp-Swift5 YouTubeAppUITests.release.xcconfig */,
				99D45F44AAEC69327E0ED608 /* Pods-Swift5 YouTubeAppTests.debug.xcconfig */,
				1A38EF791F749EA008C111CD /* Pods-Swift5 YouTubeAppTests.release.xcconfig */,
			);
			path = Pods;
			sourceTree = "<group>";
		};
		E70DE943249B60CC00800101 = {
			isa = PBXGroup;
			children = (
				E70DE94E249B60CC00800101 /* Swift5 YouTubeApp */,
				E70DE965249B60D000800101 /* Swift5 YouTubeAppTests */,
				E70DE970249B60D000800101 /* Swift5 YouTubeAppUITests */,
				E70DE94D249B60CC00800101 /* Products */,
				E60753C2C085BF59164DFFA7 /* Pods */,
				EF093482F1C87AFBE68BB28C /* Frameworks */,
			);
			sourceTree = "<group>";
		};
		E70DE94D249B60CC00800101 /* Products */ = {
			isa = PBXGroup;
			children = (
				E70DE94C249B60CC00800101 /* Swift5 YouTubeApp.app */,
				E70DE962249B60D000800101 /* Swift5 YouTubeAppTests.xctest */,
				E70DE96D249B60D000800101 /* Swift5 YouTubeAppUITests.xctest */,
			);
			name = Products;
			sourceTree = "<group>";
		};
		E70DE94E249B60CC00800101 /* Swift5 YouTubeApp */ = {
			isa = PBXGroup;
			children = (
				E70DE981249B63A600800101 /* Model */,
				E70DE980249B639D00800101 /* View */,
				E70DE97F249B637700800101 /* Controller */,
				E70DE95D249B60D000800101 /* Info.plist */,
			);
			path = "Swift5 YouTubeApp";
			sourceTree = "<group>";
		};
		E70DE965249B60D000800101 /* Swift5 YouTubeAppTests */ = {
			isa = PBXGroup;
			children = (
				E70DE966249B60D000800101 /* Swift5_YouTubeAppTests.swift */,
				E70DE968249B60D000800101 /* Info.plist */,
			);
			path = "Swift5 YouTubeAppTests";
			sourceTree = "<group>";
		};
		E70DE970249B60D000800101 /* Swift5 YouTubeAppUITests */ = {
			isa = PBXGroup;
			children = (
				E70DE971249B60D000800101 /* Swift5_YouTubeAppUITests.swift */,
				E70DE973249B60D000800101 /* Info.plist */,
			);
			path = "Swift5 YouTubeAppUITests";
			sourceTree = "<group>";
		};
		E70DE97F249B637700800101 /* Controller */ = {
			isa = PBXGroup;
			children = (
				E70DE94F249B60CC00800101 /* AppDelegate.swift */,
				E70DE951249B60CC00800101 /* SceneDelegate.swift */,
				E70DE982249B6B6F00800101 /* BaseViewController.swift */,
				E7236CE6249BBD4D00FB0B6D /* WebViewController.swift */,
				E70DE984249B6D8200800101 /* Page1ViewController.swift */,
				E7C3E2E7249CED7E00E05AE5 /* Page2ViewController.swift */,
				E7C3E2E9249CEDA900E05AE5 /* Page3ViewController.swift */,
				E7C3E2EB249CEDD700E05AE5 /* Page4ViewController.swift */,
				E7C3E2EF249CEE2A00E05AE5 /* Page5ViewController.swift */,
				E7C3E2ED249CEDFE00E05AE5 /* Page6ViewController.swift */,
			);
			path = Controller;
			sourceTree = "<group>";
		};
		E70DE980249B639D00800101 /* View */ = {
			isa = PBXGroup;
			children = (
				E70DE955249B60CC00800101 /* Main.storyboard */,
				E70DE958249B60D000800101 /* Assets.xcassets */,
				E70DE95A249B60D000800101 /* LaunchScreen.storyboard */,
			);
			path = View;
			sourceTree = "<group>";
		};
		E70DE981249B63A600800101 /* Model */ = {
			isa = PBXGroup;
			children = (
				E70DE986249B6E8C00800101 /* YouTubeData.swift */,
			);
			path = Model;
			sourceTree = "<group>";
		};
		EF093482F1C87AFBE68BB28C /* Frameworks */ = {
			isa = PBXGroup;
			children = (
				B1B1CAD20D0366271ECF971F /* Pods_Swift5_YouTubeApp.framework */,
				7FAB3A485237162733DDBB9B /* Pods_Swift5_YouTubeApp_Swift5_YouTubeAppUITests.framework */,
				F51F954C1F51E525CBBA708C /* Pods_Swift5_YouTubeAppTests.framework */,
			);
			name = Frameworks;
			sourceTree = "<group>";
		};
/* End PBXGroup section */

/* Begin PBXNativeTarget section */
		E70DE94B249B60CC00800101 /* Swift5 YouTubeApp */ = {
			isa = PBXNativeTarget;
			buildConfigurationList = E70DE976249B60D000800101 /* Build configuration list for PBXNativeTarget "Swift5 YouTubeApp" */;
			buildPhases = (
				0E57F5EE01120F4FDA544D16 /* [CP] Check Pods Manifest.lock */,
				E70DE948249B60CC00800101 /* Sources */,
				E70DE949249B60CC00800101 /* Frameworks */,
				E70DE94A249B60CC00800101 /* Resources */,
				5385DDF40C5364AC5444E6D0 /* [CP] Embed Pods Frameworks */,
			);
			buildRules = (
			);
			dependencies = (
			);
			name = "Swift5 YouTubeApp";
			productName = "Swift5 YouTubeApp";
			productReference = E70DE94C249B60CC00800101 /* Swift5 YouTubeApp.app */;
			productType = "com.apple.product-type.application";
		};
		E70DE961249B60D000800101 /* Swift5 YouTubeAppTests */ = {
			isa = PBXNativeTarget;
			buildConfigurationList = E70DE979249B60D000800101 /* Build configuration list for PBXNativeTarget "Swift5 YouTubeAppTests" */;
			buildPhases = (
				0A067D06072E72EB1B2D8ECE /* [CP] Check Pods Manifest.lock */,
				E70DE95E249B60D000800101 /* Sources */,
				E70DE95F249B60D000800101 /* Frameworks */,
				E70DE960249B60D000800101 /* Resources */,
			);
			buildRules = (
			);
			dependencies = (
				E70DE964249B60D000800101 /* PBXTargetDependency */,
			);
			name = "Swift5 YouTubeAppTests";
			productName = "Swift5 YouTubeAppTests";
			productReference = E70DE962249B60D000800101 /* Swift5 YouTubeAppTests.xctest */;
			productType = "com.apple.product-type.bundle.unit-test";
		};
		E70DE96C249B60D000800101 /* Swift5 YouTubeAppUITests */ = {
			isa = PBXNativeTarget;
			buildConfigurationList = E70DE97C249B60D000800101 /* Build configuration list for PBXNativeTarget "Swift5 YouTubeAppUITests" */;
			buildPhases = (
				6AE2C0665E6BE1FD0E4AE868 /* [CP] Check Pods Manifest.lock */,
				E70DE969249B60D000800101 /* Sources */,
				E70DE96A249B60D000800101 /* Frameworks */,
				E70DE96B249B60D000800101 /* Resources */,
				BB8217D46EE44254416D49F8 /* [CP] Embed Pods Frameworks */,
			);
			buildRules = (
			);
			dependencies = (
				E70DE96F249B60D000800101 /* PBXTargetDependency */,
			);
			name = "Swift5 YouTubeAppUITests";
			productName = "Swift5 YouTubeAppUITests";
			productReference = E70DE96D249B60D000800101 /* Swift5 YouTubeAppUITests.xctest */;
			productType = "com.apple.product-type.bundle.ui-testing";
		};
/* End PBXNativeTarget section */

/* Begin PBXProject section */
		E70DE944249B60CC00800101 /* Project object */ = {
			isa = PBXProject;
			attributes = {
				LastSwiftUpdateCheck = 1140;
				LastUpgradeCheck = 1140;
				ORGANIZATIONNAME = Hiroaki_Hirabayashi;
				TargetAttributes = {
					E70DE94B249B60CC00800101 = {
						CreatedOnToolsVersion = 11.4;
					};
					E70DE961249B60D000800101 = {
						CreatedOnToolsVersion = 11.4;
						TestTargetID = E70DE94B249B60CC00800101;
					};
					E70DE96C249B60D000800101 = {
						CreatedOnToolsVersion = 11.4;
						TestTargetID = E70DE94B249B60CC00800101;
					};
				};
			};
			buildConfigurationList = E70DE947249B60CC00800101 /* Build configuration list for PBXProject "Swift5 YouTubeApp" */;
			compatibilityVersion = "Xcode 9.3";
			developmentRegion = en;
			hasScannedForEncodings = 0;
			knownRegions = (
				en,
				Base,
			);
			mainGroup = E70DE943249B60CC00800101;
			productRefGroup = E70DE94D249B60CC00800101 /* Products */;
			projectDirPath = "";
			projectRoot = "";
			targets = (
				E70DE94B249B60CC00800101 /* Swift5 YouTubeApp */,
				E70DE961249B60D000800101 /* Swift5 YouTubeAppTests */,
				E70DE96C249B60D000800101 /* Swift5 YouTubeAppUITests */,
			);
		};
/* End PBXProject section */

/* Begin PBXResourcesBuildPhase section */
		E70DE94A249B60CC00800101 /* Resources */ = {
			isa = PBXResourcesBuildPhase;
			buildActionMask = 2147483647;
			files = (
				E70DE95C249B60D000800101 /* LaunchScreen.storyboard in Resources */,
				E70DE959249B60D000800101 /* Assets.xcassets in Resources */,
				E70DE957249B60CC00800101 /* Main.storyboard in Resources */,
			);
			runOnlyForDeploymentPostprocessing = 0;
		};
		E70DE960249B60D000800101 /* Resources */ = {
			isa = PBXResourcesBuildPhase;
			buildActionMask = 2147483647;
			files = (
			);
			runOnlyForDeploymentPostprocessing = 0;
		};
		E70DE96B249B60D000800101 /* Resources */ = {
			isa = PBXResourcesBuildPhase;
			buildActionMask = 2147483647;
			files = (
			);
			runOnlyForDeploymentPostprocessing = 0;
		};
/* End PBXResourcesBuildPhase section */

/* Begin PBXShellScriptBuildPhase section */
		0A067D06072E72EB1B2D8ECE /* [CP] Check Pods Manifest.lock */ = {
			isa = PBXShellScriptBuildPhase;
			buildActionMask = 2147483647;
			files = (
			);
			inputFileListPaths = (
			);
			inputPaths = (
				"${PODS_PODFILE_DIR_PATH}/Podfile.lock",
				"${PODS_ROOT}/Manifest.lock",
			);
			name = "[CP] Check Pods Manifest.lock";
			outputFileListPaths = (
			);
			outputPaths = (
				"$(DERIVED_FILE_DIR)/Pods-Swift5 YouTubeAppTests-checkManifestLockResult.txt",
			);
			runOnlyForDeploymentPostprocessing = 0;
			shellPath = /bin/sh;
			shellScript = "diff \"${PODS_PODFILE_DIR_PATH}/Podfile.lock\" \"${PODS_ROOT}/Manifest.lock\" > /dev/null\nif [ $? != 0 ] ; then\n    # print error to STDERR\n    echo \"error: The sandbox is not in sync with the Podfile.lock. Run 'pod install' or update your CocoaPods installation.\" >&2\n    exit 1\nfi\n# This output is used by Xcode 'outputs' to avoid re-running this script phase.\necho \"SUCCESS\" > \"${SCRIPT_OUTPUT_FILE_0}\"\n";
			showEnvVarsInLog = 0;
		};
		0E57F5EE01120F4FDA544D16 /* [CP] Check Pods Manifest.lock */ = {
			isa = PBXShellScriptBuildPhase;
			buildActionMask = 2147483647;
			files = (
			);
			inputFileListPaths = (
			);
			inputPaths = (
				"${PODS_PODFILE_DIR_PATH}/Podfile.lock",
				"${PODS_ROOT}/Manifest.lock",
			);
			name = "[CP] Check Pods Manifest.lock";
			outputFileListPaths = (
			);
			outputPaths = (
				"$(DERIVED_FILE_DIR)/Pods-Swift5 YouTubeApp-checkManifestLockResult.txt",
			);
			runOnlyForDeploymentPostprocessing = 0;
			shellPath = /bin/sh;
			shellScript = "diff \"${PODS_PODFILE_DIR_PATH}/Podfile.lock\" \"${PODS_ROOT}/Manifest.lock\" > /dev/null\nif [ $? != 0 ] ; then\n    # print error to STDERR\n    echo \"error: The sandbox is not in sync with the Podfile.lock. Run 'pod install' or update your CocoaPods installation.\" >&2\n    exit 1\nfi\n# This output is used by Xcode 'outputs' to avoid re-running this script phase.\necho \"SUCCESS\" > \"${SCRIPT_OUTPUT_FILE_0}\"\n";
			showEnvVarsInLog = 0;
		};
		5385DDF40C5364AC5444E6D0 /* [CP] Embed Pods Frameworks */ = {
			isa = PBXShellScriptBuildPhase;
			buildActionMask = 2147483647;
			files = (
			);
			inputFileListPaths = (
				"${PODS_ROOT}/Target Support Files/Pods-Swift5 YouTubeApp/Pods-Swift5 YouTubeApp-frameworks-${CONFIGURATION}-input-files.xcfilelist",
			);
			name = "[CP] Embed Pods Frameworks";
			outputFileListPaths = (
				"${PODS_ROOT}/Target Support Files/Pods-Swift5 YouTubeApp/Pods-Swift5 YouTubeApp-frameworks-${CONFIGURATION}-output-files.xcfilelist",
			);
			runOnlyForDeploymentPostprocessing = 0;
			shellPath = /bin/sh;
			shellScript = "\"${PODS_ROOT}/Target Support Files/Pods-Swift5 YouTubeApp/Pods-Swift5 YouTubeApp-frameworks.sh\"\n";
			showEnvVarsInLog = 0;
		};
		6AE2C0665E6BE1FD0E4AE868 /* [CP] Check Pods Manifest.lock */ = {
			isa = PBXShellScriptBuildPhase;
			buildActionMask = 2147483647;
			files = (
			);
			inputFileListPaths = (
			);
			inputPaths = (
				"${PODS_PODFILE_DIR_PATH}/Podfile.lock",
				"${PODS_ROOT}/Manifest.lock",
			);
			name = "[CP] Check Pods Manifest.lock";
			outputFileListPaths = (
			);
			outputPaths = (
				"$(DERIVED_FILE_DIR)/Pods-Swift5 YouTubeApp-Swift5 YouTubeAppUITests-checkManifestLockResult.txt",
			);
			runOnlyForDeploymentPostprocessing = 0;
			shellPath = /bin/sh;
			shellScript = "diff \"${PODS_PODFILE_DIR_PATH}/Podfile.lock\" \"${PODS_ROOT}/Manifest.lock\" > /dev/null\nif [ $? != 0 ] ; then\n    # print error to STDERR\n    echo \"error: The sandbox is not in sync with the Podfile.lock. Run 'pod install' or update your CocoaPods installation.\" >&2\n    exit 1\nfi\n# This output is used by Xcode 'outputs' to avoid re-running this script phase.\necho \"SUCCESS\" > \"${SCRIPT_OUTPUT_FILE_0}\"\n";
			showEnvVarsInLog = 0;
		};
		BB8217D46EE44254416D49F8 /* [CP] Embed Pods Frameworks */ = {
			isa = PBXShellScriptBuildPhase;
			buildActionMask = 2147483647;
			files = (
			);
			inputFileListPaths = (
				"${PODS_ROOT}/Target Support Files/Pods-Swift5 YouTubeApp-Swift5 YouTubeAppUITests/Pods-Swift5 YouTubeApp-Swift5 YouTubeAppUITests-frameworks-${CONFIGURATION}-input-files.xcfilelist",
			);
			name = "[CP] Embed Pods Frameworks";
			outputFileListPaths = (
				"${PODS_ROOT}/Target Support Files/Pods-Swift5 YouTubeApp-Swift5 YouTubeAppUITests/Pods-Swift5 YouTubeApp-Swift5 YouTubeAppUITests-frameworks-${CONFIGURATION}-output-files.xcfilelist",
			);
			runOnlyForDeploymentPostprocessing = 0;
			shellPath = /bin/sh;
			shellScript = "\"${PODS_ROOT}/Target Support Files/Pods-Swift5 YouTubeApp-Swift5 YouTubeAppUITests/Pods-Swift5 YouTubeApp-Swift5 YouTubeAppUITests-frameworks.sh\"\n";
			showEnvVarsInLog = 0;
		};
/* End PBXShellScriptBuildPhase section */

/* Begin PBXSourcesBuildPhase section */
		E70DE948249B60CC00800101 /* Sources */ = {
			isa = PBXSourcesBuildPhase;
			buildActionMask = 2147483647;
			files = (
				E7C3E2EE249CEDFE00E05AE5 /* Page6ViewController.swift in Sources */,
				E70DE950249B60CC00800101 /* AppDelegate.swift in Sources */,
				E7236CE7249BBD4D00FB0B6D /* WebViewController.swift in Sources */,
				E7C3E2EC249CEDD700E05AE5 /* Page4ViewController.swift in Sources */,
				E70DE985249B6D8200800101 /* Page1ViewController.swift in Sources */,
				E7C3E2EA249CEDA900E05AE5 /* Page3ViewController.swift in Sources */,
				E70DE987249B6E8C00800101 /* YouTubeData.swift in Sources */,
				E70DE952249B60CC00800101 /* SceneDelegate.swift in Sources */,
				E7C3E2F0249CEE2A00E05AE5 /* Page5ViewController.swift in Sources */,
				E70DE983249B6B6F00800101 /* BaseViewController.swift in Sources */,
				E7C3E2E8249CED7E00E05AE5 /* Page2ViewController.swift in Sources */,
			);
			runOnlyForDeploymentPostprocessing = 0;
		};
		E70DE95E249B60D000800101 /* Sources */ = {
			isa = PBXSourcesBuildPhase;
			buildActionMask = 2147483647;
			files = (
				E70DE967249B60D000800101 /* Swift5_YouTubeAppTests.swift in Sources */,
			);
			runOnlyForDeploymentPostprocessing = 0;
		};
		E70DE969249B60D000800101 /* Sources */ = {
			isa = PBXSourcesBuildPhase;
			buildActionMask = 2147483647;
			files = (
				E70DE972249B60D000800101 /* Swift5_YouTubeAppUITests.swift in Sources */,
			);
			runOnlyForDeploymentPostprocessing = 0;
		};
/* End PBXSourcesBuildPhase section */

/* Begin PBXTargetDependency section */
		E70DE964249B60D000800101 /* PBXTargetDependency */ = {
			isa = PBXTargetDependency;
			target = E70DE94B249B60CC00800101 /* Swift5 YouTubeApp */;
			targetProxy = E70DE963249B60D000800101 /* PBXContainerItemProxy */;
		};
		E70DE96F249B60D000800101 /* PBXTargetDependency */ = {
			isa = PBXTargetDependency;
			target = E70DE94B249B60CC00800101 /* Swift5 YouTubeApp */;
			targetProxy = E70DE96E249B60D000800101 /* PBXContainerItemProxy */;
		};
/* End PBXTargetDependency section */

/* Begin PBXVariantGroup section */
		E70DE955249B60CC00800101 /* Main.storyboard */ = {
			isa = PBXVariantGroup;
			children = (
				E70DE956249B60CC00800101 /* Base */,
			);
			name = Main.storyboard;
			sourceTree = "<group>";
		};
		E70DE95A249B60D000800101 /* LaunchScreen.storyboard */ = {
			isa = PBXVariantGroup;
			children = (
				E70DE95B249B60D000800101 /* Base */,
			);
			name = LaunchScreen.storyboard;
			sourceTree = "<group>";
		};
/* End PBXVariantGroup section */

/* Begin XCBuildConfiguration section */
		E70DE974249B60D000800101 /* Debug */ = {
			isa = XCBuildConfiguration;
			buildSettings = {
				ALWAYS_SEARCH_USER_PATHS = NO;
				CLANG_ANALYZER_NONNULL = YES;
				CLANG_ANALYZER_NUMBER_OBJECT_CONVERSION = YES_AGGRESSIVE;
				CLANG_CXX_LANGUAGE_STANDARD = "gnu++14";
				CLANG_CXX_LIBRARY = "libc++";
				CLANG_ENABLE_MODULES = YES;
				CLANG_ENABLE_OBJC_ARC = YES;
				CLANG_ENABLE_OBJC_WEAK = YES;
				CLANG_WARN_BLOCK_CAPTURE_AUTORELEASING = YES;
				CLANG_WARN_BOOL_CONVERSION = YES;
				CLANG_WARN_COMMA = YES;
				CLANG_WARN_CONSTANT_CONVERSION = YES;
				CLANG_WARN_DEPRECATED_OBJC_IMPLEMENTATIONS = YES;
				CLANG_WARN_DIRECT_OBJC_ISA_USAGE = YES_ERROR;
				CLANG_WARN_DOCUMENTATION_COMMENTS = YES;
				CLANG_WARN_EMPTY_BODY = YES;
				CLANG_WARN_ENUM_CONVERSION = YES;
				CLANG_WARN_INFINITE_RECURSION = YES;
				CLANG_WARN_INT_CONVERSION = YES;
				CLANG_WARN_NON_LITERAL_NULL_CONVERSION = YES;
				CLANG_WARN_OBJC_IMPLICIT_RETAIN_SELF = YES;
				CLANG_WARN_OBJC_LITERAL_CONVERSION = YES;
				CLANG_WARN_OBJC_ROOT_CLASS = YES_ERROR;
				CLANG_WARN_RANGE_LOOP_ANALYSIS = YES;
				CLANG_WARN_STRICT_PROTOTYPES = YES;
				CLANG_WARN_SUSPICIOUS_MOVE = YES;
				CLANG_WARN_UNGUARDED_AVAILABILITY = YES_AGGRESSIVE;
				CLANG_WARN_UNREACHABLE_CODE = YES;
				CLANG_WARN__DUPLICATE_METHOD_MATCH = YES;
				COPY_PHASE_STRIP = NO;
				DEBUG_INFORMATION_FORMAT = dwarf;
				ENABLE_STRICT_OBJC_MSGSEND = YES;
				ENABLE_TESTABILITY = YES;
				GCC_C_LANGUAGE_STANDARD = gnu11;
				GCC_DYNAMIC_NO_PIC = NO;
				GCC_NO_COMMON_BLOCKS = YES;
				GCC_OPTIMIZATION_LEVEL = 0;
				GCC_PREPROCESSOR_DEFINITIONS = (
					"DEBUG=1",
					"$(inherited)",
				);
				GCC_WARN_64_TO_32_BIT_CONVERSION = YES;
				GCC_WARN_ABOUT_RETURN_TYPE = YES_ERROR;
				GCC_WARN_UNDECLARED_SELECTOR = YES;
				GCC_WARN_UNINITIALIZED_AUTOS = YES_AGGRESSIVE;
				GCC_WARN_UNUSED_FUNCTION = YES;
				GCC_WARN_UNUSED_VARIABLE = YES;
				IPHONEOS_DEPLOYMENT_TARGET = 13.4;
				MTL_ENABLE_DEBUG_INFO = INCLUDE_SOURCE;
				MTL_FAST_MATH = YES;
				ONLY_ACTIVE_ARCH = YES;
				SDKROOT = iphoneos;
				SWIFT_ACTIVE_COMPILATION_CONDITIONS = DEBUG;
				SWIFT_OPTIMIZATION_LEVEL = "-Onone";
			};
			name = Debug;
		};
		E70DE975249B60D000800101 /* Release */ = {
			isa = XCBuildConfiguration;
			buildSettings = {
				ALWAYS_SEARCH_USER_PATHS = NO;
				CLANG_ANALYZER_NONNULL = YES;
				CLANG_ANALYZER_NUMBER_OBJECT_CONVERSION = YES_AGGRESSIVE;
				CLANG_CXX_LANGUAGE_STANDARD = "gnu++14";
				CLANG_CXX_LIBRARY = "libc++";
				CLANG_ENABLE_MODULES = YES;
				CLANG_ENABLE_OBJC_ARC = YES;
				CLANG_ENABLE_OBJC_WEAK = YES;
				CLANG_WARN_BLOCK_CAPTURE_AUTORELEASING = YES;
				CLANG_WARN_BOOL_CONVERSION = YES;
				CLANG_WARN_COMMA = YES;
				CLANG_WARN_CONSTANT_CONVERSION = YES;
				CLANG_WARN_DEPRECATED_OBJC_IMPLEMENTATIONS = YES;
				CLANG_WARN_DIRECT_OBJC_ISA_USAGE = YES_ERROR;
				CLANG_WARN_DOCUMENTATION_COMMENTS = YES;
				CLANG_WARN_EMPTY_BODY = YES;
				CLANG_WARN_ENUM_CONVERSION = YES;
				CLANG_WARN_INFINITE_RECURSION = YES;
				CLANG_WARN_INT_CONVERSION = YES;
				CLANG_WARN_NON_LITERAL_NULL_CONVERSION = YES;
				CLANG_WARN_OBJC_IMPLICIT_RETAIN_SELF = YES;
				CLANG_WARN_OBJC_LITERAL_CONVERSION = YES;
				CLANG_WARN_OBJC_ROOT_CLASS = YES_ERROR;
				CLANG_WARN_RANGE_LOOP_ANALYSIS = YES;
				CLANG_WARN_STRICT_PROTOTYPES = YES;
				CLANG_WARN_SUSPICIOUS_MOVE = YES;
				CLANG_WARN_UNGUARDED_AVAILABILITY = YES_AGGRESSIVE;
				CLANG_WARN_UNREACHABLE_CODE = YES;
				CLANG_WARN__DUPLICATE_METHOD_MATCH = YES;
				COPY_PHASE_STRIP = NO;
				DEBUG_INFORMATION_FORMAT = "dwarf-with-dsym";
				ENABLE_NS_ASSERTIONS = NO;
				ENABLE_STRICT_OBJC_MSGSEND = YES;
				GCC_C_LANGUAGE_STANDARD = gnu11;
				GCC_NO_COMMON_BLOCKS = YES;
				GCC_WARN_64_TO_32_BIT_CONVERSION = YES;
				GCC_WARN_ABOUT_RETURN_TYPE = YES_ERROR;
				GCC_WARN_UNDECLARED_SELECTOR = YES;
				GCC_WARN_UNINITIALIZED_AUTOS = YES_AGGRESSIVE;
				GCC_WARN_UNUSED_FUNCTION = YES;
				GCC_WARN_UNUSED_VARIABLE = YES;
				IPHONEOS_DEPLOYMENT_TARGET = 13.4;
				MTL_ENABLE_DEBUG_INFO = NO;
				MTL_FAST_MATH = YES;
				SDKROOT = iphoneos;
				SWIFT_COMPILATION_MODE = wholemodule;
				SWIFT_OPTIMIZATION_LEVEL = "-O";
				VALIDATE_PRODUCT = YES;
			};
			name = Release;
		};
		E70DE977249B60D000800101 /* Debug */ = {
			isa = XCBuildConfiguration;
			baseConfigurationReference = B54398694E0023DF66D26685 /* Pods-Swift5 YouTubeApp.debug.xcconfig */;
			buildSettings = {
				ASSETCATALOG_COMPILER_APPICON_NAME = AppIcon;
				CODE_SIGN_STYLE = Automatic;
				INFOPLIST_FILE = "Swift5 YouTubeApp/Info.plist";
				LD_RUNPATH_SEARCH_PATHS = (
					"$(inherited)",
					"@executable_path/Frameworks",
				);
				PRODUCT_BUNDLE_IDENTIFIER = "com.-Hiroaki-Hirabayashi.Swift5-YouTubeApp";
				PRODUCT_NAME = "$(TARGET_NAME)";
				SWIFT_VERSION = 5.0;
				TARGETED_DEVICE_FAMILY = "1,2";
			};
			name = Debug;
		};
		E70DE978249B60D000800101 /* Release */ = {
			isa = XCBuildConfiguration;
			baseConfigurationReference = 1B2FF02E9575E2572BA2B0B3 /* Pods-Swift5 YouTubeApp.release.xcconfig */;
			buildSettings = {
				ASSETCATALOG_COMPILER_APPICON_NAME = AppIcon;
				CODE_SIGN_STYLE = Automatic;
				INFOPLIST_FILE = "Swift5 YouTubeApp/Info.plist";
				LD_RUNPATH_SEARCH_PATHS = (
					"$(inherited)",
					"@executable_path/Frameworks",
				);
				PRODUCT_BUNDLE_IDENTIFIER = "com.-Hiroaki-Hirabayashi.Swift5-YouTubeApp";
				PRODUCT_NAME = "$(TARGET_NAME)";
				SWIFT_VERSION = 5.0;
				TARGETED_DEVICE_FAMILY = "1,2";
			};
			name = Release;
		};
		E70DE97A249B60D000800101 /* Debug */ = {
			isa = XCBuildConfiguration;
			baseConfigurationReference = 99D45F44AAEC69327E0ED608 /* Pods-Swift5 YouTubeAppTests.debug.xcconfig */;
			buildSettings = {
				ALWAYS_EMBED_SWIFT_STANDARD_LIBRARIES = YES;
				BUNDLE_LOADER = "$(TEST_HOST)";
				CODE_SIGN_STYLE = Automatic;
				INFOPLIST_FILE = "Swift5 YouTubeAppTests/Info.plist";
				IPHONEOS_DEPLOYMENT_TARGET = 13.4;
				LD_RUNPATH_SEARCH_PATHS = (
					"$(inherited)",
					"@executable_path/Frameworks",
					"@loader_path/Frameworks",
				);
				PRODUCT_BUNDLE_IDENTIFIER = "com.-Hiroaki-Hirabayashi.Swift5-YouTubeAppTests";
				PRODUCT_NAME = "$(TARGET_NAME)";
				SWIFT_VERSION = 5.0;
				TARGETED_DEVICE_FAMILY = "1,2";
				TEST_HOST = "$(BUILT_PRODUCTS_DIR)/Swift5 YouTubeApp.app/Swift5 YouTubeApp";
			};
			name = Debug;
		};
		E70DE97B249B60D000800101 /* Release */ = {
			isa = XCBuildConfiguration;
			baseConfigurationReference = 1A38EF791F749EA008C111CD /* Pods-Swift5 YouTubeAppTests.release.xcconfig */;
			buildSettings = {
				ALWAYS_EMBED_SWIFT_STANDARD_LIBRARIES = YES;
				BUNDLE_LOADER = "$(TEST_HOST)";
				CODE_SIGN_STYLE = Automatic;
				INFOPLIST_FILE = "Swift5 YouTubeAppTests/Info.plist";
				IPHONEOS_DEPLOYMENT_TARGET = 13.4;
				LD_RUNPATH_SEARCH_PATHS = (
					"$(inherited)",
					"@executable_path/Frameworks",
					"@loader_path/Frameworks",
				);
				PRODUCT_BUNDLE_IDENTIFIER = "com.-Hiroaki-Hirabayashi.Swift5-YouTubeAppTests";
				PRODUCT_NAME = "$(TARGET_NAME)";
				SWIFT_VERSION = 5.0;
				TARGETED_DEVICE_FAMILY = "1,2";
				TEST_HOST = "$(BUILT_PRODUCTS_DIR)/Swift5 YouTubeApp.app/Swift5 YouTubeApp";
			};
			name = Release;
		};
		E70DE97D249B60D000800101 /* Debug */ = {
			isa = XCBuildConfiguration;
			baseConfigurationReference = 293BA93534AE052CCA2B2699 /* Pods-Swift5 YouTubeApp-Swift5 YouTubeAppUITests.debug.xcconfig */;
			buildSettings = {
				ALWAYS_EMBED_SWIFT_STANDARD_LIBRARIES = YES;
				CODE_SIGN_STYLE = Automatic;
				INFOPLIST_FILE = "Swift5 YouTubeAppUITests/Info.plist";
				LD_RUNPATH_SEARCH_PATHS = (
					"$(inherited)",
					"@executable_path/Frameworks",
					"@loader_path/Frameworks",
				);
				PRODUCT_BUNDLE_IDENTIFIER = "com.-Hiroaki-Hirabayashi.Swift5-YouTubeAppUITests";
				PRODUCT_NAME = "$(TARGET_NAME)";
				SWIFT_VERSION = 5.0;
				TARGETED_DEVICE_FAMILY = "1,2";
				TEST_TARGET_NAME = "Swift5 YouTubeApp";
			};
			name = Debug;
		};
		E70DE97E249B60D000800101 /* Release */ = {
			isa = XCBuildConfiguration;
			baseConfigurationReference = ECB13B9B958AEE7EF8B51156 /* Pods-Swift5 YouTubeApp-Swift5 YouTubeAppUITests.release.xcconfig */;
			buildSettings = {
				ALWAYS_EMBED_SWIFT_STANDARD_LIBRARIES = YES;
				CODE_SIGN_STYLE = Automatic;
				INFOPLIST_FILE = "Swift5 YouTubeAppUITests/Info.plist";
				LD_RUNPATH_SEARCH_PATHS = (
					"$(inherited)",
					"@executable_path/Frameworks",
					"@loader_path/Frameworks",
				);
				PRODUCT_BUNDLE_IDENTIFIER = "com.-Hiroaki-Hirabayashi.Swift5-YouTubeAppUITests";
				PRODUCT_NAME = "$(TARGET_NAME)";
				SWIFT_VERSION = 5.0;
				TARGETED_DEVICE_FAMILY = "1,2";
				TEST_TARGET_NAME = "Swift5 YouTubeApp";
			};
			name = Release;
		};
/* End XCBuildConfiguration section */

/* Begin XCConfigurationList section */
		E70DE947249B60CC00800101 /* Build configuration list for PBXProject "Swift5 YouTubeApp" */ = {
			isa = XCConfigurationList;
			buildConfigurations = (
				E70DE974249B60D000800101 /* Debug */,
				E70DE975249B60D000800101 /* Release */,
			);
			defaultConfigurationIsVisible = 0;
			defaultConfigurationName = Release;
		};
		E70DE976249B60D000800101 /* Build configuration list for PBXNativeTarget "Swift5 YouTubeApp" */ = {
			isa = XCConfigurationList;
			buildConfigurations = (
				E70DE977249B60D000800101 /* Debug */,
				E70DE978249B60D000800101 /* Release */,
			);
			defaultConfigurationIsVisible = 0;
			defaultConfigurationName = Release;
		};
		E70DE979249B60D000800101 /* Build configuration list for PBXNativeTarget "Swift5 YouTubeAppTests" */ = {
			isa = XCConfigurationList;
			buildConfigurations = (
				E70DE97A249B60D000800101 /* Debug */,
				E70DE97B249B60D000800101 /* Release */,
			);
			defaultConfigurationIsVisible = 0;
			defaultConfigurationName = Release;
		};
		E70DE97C249B60D000800101 /* Build configuration list for PBXNativeTarget "Swift5 YouTubeAppUITests" */ = {
			isa = XCConfigurationList;
			buildConfigurations = (
				E70DE97D249B60D000800101 /* Debug */,
				E70DE97E249B60D000800101 /* Release */,
			);
			defaultConfigurationIsVisible = 0;
			defaultConfigurationName = Release;
		};
/* End XCConfigurationList section */
	};
	rootObject = E70DE944249B60CC00800101 /* Project object */;
}
